
Microsoft Visual Studio Solution File, Format Version 12.00
# Visual Studio Version 17
VisualStudioVersion = 17.12.35728.132
MinimumVisualStudioVersion = 10.0.40219.1
Project("{FAE04EC0-301F-11D3-BF4B-00C04F79EFBC}") = "Data", "Data\Data.csproj", "{EB8CE290-FFFE-4249-A122-1B8EE89E9B14}"
EndProject
Project("{FAE04EC0-301F-11D3-BF4B-00C04F79EFBC}") = "Business", "Business\Business.csproj", "{7931E4B5-49B1-4D47-BC2E-BA2CE01C274C}"
EndProject
Global
	GlobalSection(SolutionConfigurationPlatforms) = preSolution
		Debug|Any CPU = Debug|Any CPU
		Release|Any CPU = Release|Any CPU
	EndGlobalSection
	GlobalSection(ProjectConfigurationPlatforms) = postSolution
		{EB8CE290-FFFE-4249-A122-1B8EE89E9B14}.Debug|Any CPU.ActiveCfg = Debug|Any CPU
		{EB8CE290-FFFE-4249-A122-1B8EE89E9B14}.Debug|Any CPU.Build.0 = Debug|Any CPU
		{EB8CE290-FFFE-4249-A122-1B8EE89E9B14}.Release|Any CPU.ActiveCfg = Release|Any CPU
		{EB8CE290-FFFE-4249-A122-1B8EE89E9B14}.Release|Any CPU.Build.0 = Release|Any CPU
		{7931E4B5-49B1-4D47-BC2E-BA2CE01C274C}.Debug|Any CPU.ActiveCfg = Debug|Any CPU
		{7931E4B5-49B1-4D47-BC2E-BA2CE01C274C}.Debug|Any CPU.Build.0 = Debug|Any CPU
		{7931E4B5-49B1-4D47-BC2E-BA2CE01C274C}.Release|Any CPU.ActiveCfg = Release|Any CPU
		{7931E4B5-49B1-4D47-BC2E-BA2CE01C274C}.Release|Any CPU.Build.0 = Release|Any CPU
	EndGlobalSection
	GlobalSection(SolutionProperties) = preSolution
		HideSolutionNode = FALSE
	EndGlobalSection
EndGlobal
